
Microsoft Visual Studio Solution File, Format Version 12.00
# Visual Studio Version 16
VisualStudioVersion = 16.0.31729.503
MinimumVisualStudioVersion = 10.0.40219.1
Project("{FAE04EC0-301F-11D3-BF4B-00C04F79EFBC}") = "project_asm", "project_asm.csproj", "{DF12C5A2-9309-45BC-AB89-3FCAF0C12EFF}"
EndProject
Global
	GlobalSection(SolutionConfigurationPlatforms) = preSolution
		Debug|Any CPU = Debug|Any CPU
		Release|Any CPU = Release|Any CPU
	EndGlobalSection
	GlobalSection(ProjectConfigurationPlatforms) = postSolution
		{DF12C5A2-9309-45BC-AB89-3FCAF0C12EFF}.Debug|Any CPU.ActiveCfg = Debug|Any CPU
		{DF12C5A2-9309-45BC-AB89-3FCAF0C12EFF}.Debug|Any CPU.Build.0 = Debug|Any CPU
		{DF12C5A2-9309-45BC-AB89-3FCAF0C12EFF}.Release|Any CPU.ActiveCfg = Release|Any CPU
		{DF12C5A2-9309-45BC-AB89-3FCAF0C12EFF}.Release|Any CPU.Build.0 = Release|Any CPU
	EndGlobalSection
	GlobalSection(SolutionProperties) = preSolution
		HideSolutionNode = FALSE
	EndGlobalSection
	GlobalSection(ExtensibilityGlobals) = postSolution
		SolutionGuid = {D18A8F7E-AEF7-4FF9-A487-9D10AE4A550A}
	EndGlobalSection
EndGlobal
